
Microsoft Visual Studio Solution File, Format Version 12.00
# Visual Studio Version 17
VisualStudioVersion = 17.11.35312.102
MinimumVisualStudioVersion = 10.0.40219.1
Project("{8BC9CEB8-8B4A-11D0-8D11-00A0C91BC942}") = "ObjectExample", "ObjectExample2026.vcxproj", "{A341E6A9-FDFE-48FA-8CF3-BCE6B770636D}"
EndProject
Global
	GlobalSection(SolutionConfigurationPlatforms) = preSolution
		Debug|x64 = Debug|x64
		Release|x64 = Release|x64
	EndGlobalSection
	GlobalSection(ProjectConfigurationPlatforms) = postSolution
		{A341E6A9-FDFE-48FA-8CF3-BCE6B770636D}.Debug|x64.ActiveCfg = Debug|x64
		{A341E6A9-FDFE-48FA-8CF3-BCE6B770636D}.Debug|x64.Build.0 = Debug|x64
		{A341E6A9-FDFE-48FA-8CF3-BCE6B770636D}.Release|x64.ActiveCfg = Release|x64
		{A341E6A9-FDFE-48FA-8CF3-BCE6B770636D}.Release|x64.Build.0 = Release|x64
	EndGlobalSection
	GlobalSection(SolutionProperties) = preSolution
		HideSolutionNode = FALSE
	EndGlobalSection
	GlobalSection(ExtensibilityGlobals) = postSolution
		SolutionGuid = {9835946A-E0C4-4A82-8016-0CE1D667620D}
	EndGlobalSection
EndGlobal
