// !$*UTF8*$!
{
	archiveVersion = 1;
	classes = {
	};
	objectVersion = 44;
	objects = {

/* Begin PBXBuildFile section */
		56E4B5262370002B0049FD2F /* ExtMenuDirectEditLb.cpp in Sources */ = {isa = PBXBuildFile; fileRef = 56E4B522237000250049FD2F /* ExtMenuDirectEditLb.cpp */; };
		56E4B5272370002B0049FD2F /* DlgDirectEditListBrowser.cpp in Sources */ = {isa = PBXBuildFile; fileRef = 56E4B5232370002B0049FD2F /* DlgDirectEditListBrowser.cpp */; };
		86631829121D9A9F00789FC4 /* ModuleMain.cpp in Sources */ = {isa = PBXBuildFile; fileRef = 86631828121D9A9F00789FC4 /* ModuleMain.cpp */; };
		86631837121D9AA300789FC4 /* ExtMenuClassName.cpp in Sources */ = {isa = PBXBuildFile; fileRef = 8663182B121D9AA300789FC4 /* ExtMenuClassName.cpp */; };
		86631838121D9AA300789FC4 /* MyControl.cpp in Sources */ = {isa = PBXBuildFile; fileRef = 8663182D121D9AA300789FC4 /* MyControl.cpp */; };
		86631839121D9AA300789FC4 /* SampleDlg1.cpp in Sources */ = {isa = PBXBuildFile; fileRef = 8663182F121D9AA300789FC4 /* SampleDlg1.cpp */; };
		8663183A121D9AA300789FC4 /* SampleDlg2.cpp in Sources */ = {isa = PBXBuildFile; fileRef = 86631831121D9AA300789FC4 /* SampleDlg2.cpp */; };
		8663183B121D9AA300789FC4 /* SampleDlg3.cpp in Sources */ = {isa = PBXBuildFile; fileRef = 86631833121D9AA300789FC4 /* SampleDlg3.cpp */; };
		8663183C121D9AA300789FC4 /* SampleDlg4.cpp in Sources */ = {isa = PBXBuildFile; fileRef = 86631835121D9AA300789FC4 /* SampleDlg4.cpp */; };
		869859A81379C779006B7F22 /* VWMM.framework in Frameworks */ = {isa = PBXBuildFile; fileRef = 869859A31379C75A006B7F22 /* VWMM.framework */; };
		9216EA5509D889F4007B8710 /* SafeMemory.cpp in Sources */ = {isa = PBXBuildFile; fileRef = 92347A560992C4AA00FCBD91 /* SafeMemory.cpp */; };
		928E896B15795E9C0021D3C7 /* Cocoa.framework in Frameworks */ = {isa = PBXBuildFile; fileRef = 928E896A15795E9C0021D3C7 /* Cocoa.framework */; };
/* End PBXBuildFile section */

/* Begin PBXFileReference section */
		08FB77AAFE841565C02AAC07 /* Carbon.framework */ = {isa = PBXFileReference; lastKnownFileType = wrapper.framework; name = Carbon.framework; path = /System/Library/Frameworks/Carbon.framework; sourceTree = "<absolute>"; };
		56E4B522237000250049FD2F /* ExtMenuDirectEditLb.cpp */ = {isa = PBXFileReference; fileEncoding = 4; lastKnownFileType = sourcecode.cpp.cpp; path = ExtMenuDirectEditLb.cpp; sourceTree = "<group>"; };
		56E4B5232370002B0049FD2F /* DlgDirectEditListBrowser.cpp */ = {isa = PBXFileReference; fileEncoding = 4; lastKnownFileType = sourcecode.cpp.cpp; path = DlgDirectEditListBrowser.cpp; sourceTree = "<group>"; };
		56E4B5242370002B0049FD2F /* ExtMenuDirectEditLb.h */ = {isa = PBXFileReference; fileEncoding = 4; lastKnownFileType = sourcecode.c.h; path = ExtMenuDirectEditLb.h; sourceTree = "<group>"; };
		56E4B5252370002B0049FD2F /* DlgDirectEditListBrowser.h */ = {isa = PBXFileReference; fileEncoding = 4; lastKnownFileType = sourcecode.c.h; path = DlgDirectEditListBrowser.h; sourceTree = "<group>"; };
		6595D7A21802AE9800DC6575 /* NNA_PluginBuild Debug 64.xcconfig */ = {isa = PBXFileReference; lastKnownFileType = text.xcconfig; name = "NNA_PluginBuild Debug 64.xcconfig"; path = "../../../SDKLib/Include/OnlyMac/NNA_PluginBuild Debug 64.xcconfig"; sourceTree = "<group>"; };
		6595D7A31802AE9800DC6575 /* NNA_PluginBuild Debug.xcconfig */ = {isa = PBXFileReference; lastKnownFileType = text.xcconfig; name = "NNA_PluginBuild Debug.xcconfig"; path = "../../../SDKLib/Include/OnlyMac/NNA_PluginBuild Debug.xcconfig"; sourceTree = "<group>"; };
		6595D7A41802AE9800DC6575 /* NNA_PluginBuild Release 64.xcconfig */ = {isa = PBXFileReference; lastKnownFileType = text.xcconfig; name = "NNA_PluginBuild Release 64.xcconfig"; path = "../../../SDKLib/Include/OnlyMac/NNA_PluginBuild Release 64.xcconfig"; sourceTree = "<group>"; };
		6595D7A51802AE9800DC6575 /* NNA_PluginBuild Release.xcconfig */ = {isa = PBXFileReference; lastKnownFileType = text.xcconfig; name = "NNA_PluginBuild Release.xcconfig"; path = "../../../SDKLib/Include/OnlyMac/NNA_PluginBuild Release.xcconfig"; sourceTree = "<group>"; };
		81494D9109DA57F4006864FB /* Module-Info.plist */ = {isa = PBXFileReference; fileEncoding = 30; lastKnownFileType = text.plist.xml; name = "Module-Info.plist"; path = "QuickTime Resources/Module-Info.plist"; sourceTree = "<group>"; };
		81494D9309DA5867006864FB /* CommonPrefix.h */ = {isa = PBXFileReference; fileEncoding = 30; lastKnownFileType = sourcecode.c.h; name = CommonPrefix.h; path = Source/Prefix/CommonPrefix.h; sourceTree = "<group>"; };
		81494D9509DA5867006864FB /* ReleasePrefix.h */ = {isa = PBXFileReference; fileEncoding = 30; lastKnownFileType = sourcecode.c.h; name = ReleasePrefix.h; path = Source/Prefix/ReleasePrefix.h; sourceTree = "<group>"; };
		81494D9609DA5867006864FB /* StdAfx.h */ = {isa = PBXFileReference; fileEncoding = 30; lastKnownFileType = sourcecode.c.h; name = StdAfx.h; path = Source/Prefix/StdAfx.h; sourceTree = "<group>"; };
		81494D9909DA5880006864FB /* DebugPrefix.h */ = {isa = PBXFileReference; fileEncoding = 30; lastKnownFileType = sourcecode.c.h; name = DebugPrefix.h; path = Source/Prefix/DebugPrefix.h; sourceTree = "<group>"; };
		81494D9E09DA5892006864FB /* PluginResource.h */ = {isa = PBXFileReference; fileEncoding = 30; lastKnownFileType = sourcecode.c.h; name = PluginResource.h; path = "QuickTime Resources/PluginResource.h"; sourceTree = "<group>"; };
		86631828121D9A9F00789FC4 /* ModuleMain.cpp */ = {isa = PBXFileReference; fileEncoding = 4; lastKnownFileType = sourcecode.cpp.cpp; name = ModuleMain.cpp; path = Source/ModuleMain.cpp; sourceTree = "<group>"; };
		8663182B121D9AA300789FC4 /* ExtMenuClassName.cpp */ = {isa = PBXFileReference; fileEncoding = 4; lastKnownFileType = sourcecode.cpp.cpp; path = ExtMenuClassName.cpp; sourceTree = "<group>"; };
		8663182C121D9AA300789FC4 /* ExtMenuClassName.h */ = {isa = PBXFileReference; fileEncoding = 4; lastKnownFileType = sourcecode.c.h; path = ExtMenuClassName.h; sourceTree = "<group>"; };
		8663182D121D9AA300789FC4 /* MyControl.cpp */ = {isa = PBXFileReference; fileEncoding = 4; lastKnownFileType = sourcecode.cpp.cpp; path = MyControl.cpp; sourceTree = "<group>"; };
		8663182E121D9AA300789FC4 /* MyControl.h */ = {isa = PBXFileReference; fileEncoding = 4; lastKnownFileType = sourcecode.c.h; path = MyControl.h; sourceTree = "<group>"; };
		8663182F121D9AA300789FC4 /* SampleDlg1.cpp */ = {isa = PBXFileReference; fileEncoding = 4; lastKnownFileType = sourcecode.cpp.cpp; path = SampleDlg1.cpp; sourceTree = "<group>"; };
		86631830121D9AA300789FC4 /* SampleDlg1.h */ = {isa = PBXFileReference; fileEncoding = 4; lastKnownFileType = sourcecode.c.h; path = SampleDlg1.h; sourceTree = "<group>"; };
		86631831121D9AA300789FC4 /* SampleDlg2.cpp */ = {isa = PBXFileReference; fileEncoding = 4; lastKnownFileType = sourcecode.cpp.cpp; path = SampleDlg2.cpp; sourceTree = "<group>"; };
		86631832121D9AA300789FC4 /* SampleDlg2.h */ = {isa = PBXFileReference; fileEncoding = 4; lastKnownFileType = sourcecode.c.h; path = SampleDlg2.h; sourceTree = "<group>"; };
		86631833121D9AA300789FC4 /* SampleDlg3.cpp */ = {isa = PBXFileReference; fileEncoding = 4; lastKnownFileType = sourcecode.cpp.cpp; path = SampleDlg3.cpp; sourceTree = "<group>"; };
		86631834121D9AA300789FC4 /* SampleDlg3.h */ = {isa = PBXFileReference; fileEncoding = 4; lastKnownFileType = sourcecode.c.h; path = SampleDlg3.h; sourceTree = "<group>"; };
		86631835121D9AA300789FC4 /* SampleDlg4.cpp */ = {isa = PBXFileReference; fileEncoding = 4; lastKnownFileType = sourcecode.cpp.cpp; path = SampleDlg4.cpp; sourceTree = "<group>"; };
		86631836121D9AA300789FC4 /* SampleDlg4.h */ = {isa = PBXFileReference; fileEncoding = 4; lastKnownFileType = sourcecode.c.h; path = SampleDlg4.h; sourceTree = "<group>"; };
		869859A31379C75A006B7F22 /* VWMM.framework */ = {isa = PBXFileReference; lastKnownFileType = wrapper.framework; name = VWMM.framework; path = ../../../SDKLib/LibMac/Release/VWMM.framework; sourceTree = SOURCE_ROOT; };
		9216EA3E09D88959007B8710 /* VWUI Dialogs Sample.vwlibrary */ = {isa = PBXFileReference; explicitFileType = wrapper.cfbundle; includeInIndex = 0; path = "VWUI Dialogs Sample.vwlibrary"; sourceTree = BUILT_PRODUCTS_DIR; };
		92347A560992C4AA00FCBD91 /* SafeMemory.cpp */ = {isa = PBXFileReference; fileEncoding = 30; lastKnownFileType = sourcecode.cpp.cpp; name = SafeMemory.cpp; path = ../../../SDKLib/Include/OnlyMac/Memory/SafeMemory.cpp; sourceTree = SOURCE_ROOT; };
		928E896A15795E9C0021D3C7 /* Cocoa.framework */ = {isa = PBXFileReference; lastKnownFileType = wrapper.framework; name = Cocoa.framework; path = System/Library/Frameworks/Cocoa.framework; sourceTree = SDKROOT; };
/* End PBXFileReference section */

/* Begin PBXFrameworksBuildPhase section */
		869859A71379C771006B7F22 /* Frameworks */ = {
			isa = PBXFrameworksBuildPhase;
			buildActionMask = 2147483647;
			files = (
				869859A81379C779006B7F22 /* VWMM.framework in Frameworks */,
				928E896B15795E9C0021D3C7 /* Cocoa.framework in Frameworks */,
			);
			runOnlyForDeploymentPostprocessing = 0;
		};
/* End PBXFrameworksBuildPhase section */

/* Begin PBXGroup section */
		034768DDFF38A45A11DB9C8B /* Products */ = {
			isa = PBXGroup;
			children = (
				9216EA3E09D88959007B8710 /* VWUI Dialogs Sample.vwlibrary */,
			);
			name = Products;
			sourceTree = "<group>";
		};
		0867D691FE84028FC02AAC07 /* SampleObject */ = {
			isa = PBXGroup;
			children = (
				6595D7A21802AE9800DC6575 /* NNA_PluginBuild Debug 64.xcconfig */,
				6595D7A31802AE9800DC6575 /* NNA_PluginBuild Debug.xcconfig */,
				6595D7A41802AE9800DC6575 /* NNA_PluginBuild Release 64.xcconfig */,
				6595D7A51802AE9800DC6575 /* NNA_PluginBuild Release.xcconfig */,
				08FB77ACFE841707C02AAC07 /* Source */,
				81494D9D09DA5892006864FB /* QuickTime Resources */,
				92AE00461333E3BF00DFB264 /* Resources */,
				0867D69AFE84028FC02AAC07 /* External Frameworks and Libraries */,
				034768DDFF38A45A11DB9C8B /* Products */,
			);
			name = SampleObject;
			sourceTree = "<group>";
		};
		0867D69AFE84028FC02AAC07 /* External Frameworks and Libraries */ = {
			isa = PBXGroup;
			children = (
				928E896A15795E9C0021D3C7 /* Cocoa.framework */,
				08FB77AAFE841565C02AAC07 /* Carbon.framework */,
				869859A31379C75A006B7F22 /* VWMM.framework */,
			);
			name = "External Frameworks and Libraries";
			sourceTree = "<group>";
		};
		08FB77ACFE841707C02AAC07 /* Source */ = {
			isa = PBXGroup;
			children = (
				81494D9209DA5867006864FB /* Prefix */,
				8663182A121D9AA300789FC4 /* UI */,
				92347A560992C4AA00FCBD91 /* SafeMemory.cpp */,
				86631828121D9A9F00789FC4 /* ModuleMain.cpp */,
			);
			name = Source;
			sourceTree = "<group>";
		};
		81494D9209DA5867006864FB /* Prefix */ = {
			isa = PBXGroup;
			children = (
				81494D9309DA5867006864FB /* CommonPrefix.h */,
				81494D9909DA5880006864FB /* DebugPrefix.h */,
				81494D9509DA5867006864FB /* ReleasePrefix.h */,
				81494D9609DA5867006864FB /* StdAfx.h */,
			);
			name = Prefix;
			sourceTree = "<group>";
		};
		81494D9D09DA5892006864FB /* QuickTime Resources */ = {
			isa = PBXGroup;
			children = (
				81494D9E09DA5892006864FB /* PluginResource.h */,
				81494D9109DA57F4006864FB /* Module-Info.plist */,
			);
			name = "QuickTime Resources";
			sourceTree = "<group>";
		};
		8663182A121D9AA300789FC4 /* UI */ = {
			isa = PBXGroup;
			children = (
				56E4B5232370002B0049FD2F /* DlgDirectEditListBrowser.cpp */,
				56E4B5252370002B0049FD2F /* DlgDirectEditListBrowser.h */,
				56E4B522237000250049FD2F /* ExtMenuDirectEditLb.cpp */,
				56E4B5242370002B0049FD2F /* ExtMenuDirectEditLb.h */,
				8663182B121D9AA300789FC4 /* ExtMenuClassName.cpp */,
				8663182C121D9AA300789FC4 /* ExtMenuClassName.h */,
				8663182D121D9AA300789FC4 /* MyControl.cpp */,
				8663182E121D9AA300789FC4 /* MyControl.h */,
				8663182F121D9AA300789FC4 /* SampleDlg1.cpp */,
				86631830121D9AA300789FC4 /* SampleDlg1.h */,
				86631831121D9AA300789FC4 /* SampleDlg2.cpp */,
				86631832121D9AA300789FC4 /* SampleDlg2.h */,
				86631833121D9AA300789FC4 /* SampleDlg3.cpp */,
				86631834121D9AA300789FC4 /* SampleDlg3.h */,
				86631835121D9AA300789FC4 /* SampleDlg4.cpp */,
				86631836121D9AA300789FC4 /* SampleDlg4.h */,
			);
			name = UI;
			path = Source/UI;
			sourceTree = "<group>";
		};
		92AE00461333E3BF00DFB264 /* Resources */ = {
			isa = PBXGroup;
			children = (
			);
			name = Resources;
			sourceTree = "<group>";
		};
/* End PBXGroup section */

/* Begin PBXNativeTarget section */
		9216EA3D09D88959007B8710 /* VWUI Dialogs Sample */ = {
			isa = PBXNativeTarget;
			buildConfigurationList = 9216EA4009D8895A007B8710 /* Build configuration list for PBXNativeTarget "VWUI Dialogs Sample" */;
			buildPhases = (
				9216EA3B09D88959007B8710 /* Sources */,
				869859A71379C771006B7F22 /* Frameworks */,
				9216EA4C09D889C0007B8710 /* Rez */,
				86619AC10A3A1618002FCD39 /* Validate and copy VWR */,
			);
			buildRules = (
			);
			dependencies = (
			);
			name = "VWUI Dialogs Sample";
			productName = Untitled;
			productReference = 9216EA3E09D88959007B8710 /* VWUI Dialogs Sample.vwlibrary */;
			productType = "com.apple.product-type.bundle";
		};
/* End PBXNativeTarget section */

/* Begin PBXProject section */
		0867D690FE84028FC02AAC07 /* Project object */ = {
			isa = PBXProject;
			attributes = {
			};
			buildConfigurationList = 1DEB916408733D950010E9CD /* Build configuration list for PBXProject "VWUI Dialogs Sample" */;
			compatibilityVersion = "Xcode 3.0";
			developmentRegion = English;
			hasScannedForEncodings = 1;
			knownRegions = (
				English,
				Japanese,
				French,
				German,
			);
			mainGroup = 0867D691FE84028FC02AAC07 /* SampleObject */;
			productRefGroup = 034768DDFF38A45A11DB9C8B /* Products */;
			projectDirPath = "";
			projectRoot = "";
			targets = (
				9216EA3D09D88959007B8710 /* VWUI Dialogs Sample */,
			);
		};
/* End PBXProject section */

/* Begin PBXRezBuildPhase section */
		9216EA4C09D889C0007B8710 /* Rez */ = {
			isa = PBXRezBuildPhase;
			buildActionMask = 2147483647;
			files = (
			);
			runOnlyForDeploymentPostprocessing = 0;
		};
/* End PBXRezBuildPhase section */

/* Begin PBXShellScriptBuildPhase section */
		86619AC10A3A1618002FCD39 /* Validate and copy VWR */ = {
			isa = PBXShellScriptBuildPhase;
			buildActionMask = 2147483647;
			files = (
			);
			inputPaths = (
			);
			name = "Validate and copy VWR";
			outputPaths = (
			);
			runOnlyForDeploymentPostprocessing = 0;
			shellPath = /bin/sh;
			shellScript = "echo PROJECT_DIR = ${PROJECT_DIR}\nVWR_INPUT=${PROJECT_DIR}/${EXECUTABLE_NAME}.vwr\necho VWR_INPUT = ${VWR_INPUT}\nexport VWR_INPUT\nVWR_OUTPUT=${CODESIGNING_FOLDER_PATH}/Contents/Resources/${EXECUTABLE_NAME}.vwr\necho VWR_OUTPUT = ${VWR_OUTPUT}\nexport VWR_OUTPUT\nVWR_MODE=${CONFIGURATION}\necho VWR_MODE = ${VWR_MODE}\nexport VWR_MODE\n../../../SDKLib/ToolsMac/BuildVWR/BuildVWR";
		};
/* End PBXShellScriptBuildPhase section */

/* Begin PBXSourcesBuildPhase section */
		9216EA3B09D88959007B8710 /* Sources */ = {
			isa = PBXSourcesBuildPhase;
			buildActionMask = 2147483647;
			files = (
				9216EA5509D889F4007B8710 /* SafeMemory.cpp in Sources */,
				56E4B5262370002B0049FD2F /* ExtMenuDirectEditLb.cpp in Sources */,
				86631829121D9A9F00789FC4 /* ModuleMain.cpp in Sources */,
				56E4B5272370002B0049FD2F /* DlgDirectEditListBrowser.cpp in Sources */,
				86631837121D9AA300789FC4 /* ExtMenuClassName.cpp in Sources */,
				86631838121D9AA300789FC4 /* MyControl.cpp in Sources */,
				86631839121D9AA300789FC4 /* SampleDlg1.cpp in Sources */,
				8663183A121D9AA300789FC4 /* SampleDlg2.cpp in Sources */,
				8663183B121D9AA300789FC4 /* SampleDlg3.cpp in Sources */,
				8663183C121D9AA300789FC4 /* SampleDlg4.cpp in Sources */,
			);
			runOnlyForDeploymentPostprocessing = 0;
		};
/* End PBXSourcesBuildPhase section */

/* Begin XCBuildConfiguration section */
		6595D7A61802AEB600DC6575 /* Debug 64 */ = {
			isa = XCBuildConfiguration;
			baseConfigurationReference = 6595D7A21802AE9800DC6575 /* NNA_PluginBuild Debug 64.xcconfig */;
			buildSettings = {
				FRAMEWORK_SEARCH_PATHS = (
					"../../../SDKLib/LibMac/$(SHORT_CONFIG)",
					"../../../SDKLib/LibMac64/$(SHORT_CONFIG)",
					"../../../../$(OUTPUT_NAME)/SDK/$(SHORT_CONFIG)",
				);
				GCC_PRECOMPILE_PREFIX_HEADER = YES;
				GCC_PREFIX_HEADER = "./Source/Prefix/$(SHORT_CONFIG)Prefix.h";
				HEADER_SEARCH_PATHS = (
					../../../SDKLib/Include/Kernel,
					../../../SDKLib/Include/OnlyMac,
					../../../SDKLib/Include/Interfaces,
					../../../SDKLib/Include/VWMM,
					../../../SDKLib/Include,
					./Source,
					./Resources,
				);
				LIBRARY_SEARCH_PATHS = (
					"../../../SDKLib/LibMac/$(SHORT_CONFIG)",
					"../../../SDKLib/LibMac64/$(SHORT_CONFIG)",
					"../../../../$(OUTPUT_NAME)/SDK/$(SHORT_CONFIG)",
				);
			};
			name = "Debug 64";
		};
		6595D7A71802AEB600DC6575 /* Debug 64 */ = {
			isa = XCBuildConfiguration;
			buildSettings = {
				INFOPLIST_FILE = "./Source/Module-Info.plist";
				OTHER_LDFLAGS = (
					"-framework",
					Carbon,
					"-lVWSDK",
				);
				PRODUCT_NAME = "VWUI Dialogs Sample";
				WRAPPER_EXTENSION = "$(VW_LIBRARY_EXTENSION)";
			};
			name = "Debug 64";
		};
		6595D7A81802AEBA00DC6575 /* Release 64 */ = {
			isa = XCBuildConfiguration;
			baseConfigurationReference = 6595D7A41802AE9800DC6575 /* NNA_PluginBuild Release 64.xcconfig */;
			buildSettings = {
				FRAMEWORK_SEARCH_PATHS = (
					"../../../SDKLib/LibMac/$(SHORT_CONFIG)",
					"../../../SDKLib/LibMac64/$(SHORT_CONFIG)",
					"../../../../$(OUTPUT_NAME)/SDK/$(SHORT_CONFIG)",
				);
				GCC_PRECOMPILE_PREFIX_HEADER = YES;
				GCC_PREFIX_HEADER = "./Source/Prefix/$(SHORT_CONFIG)Prefix.h";
				HEADER_SEARCH_PATHS = (
					../../../SDKLib/Include/Kernel,
					../../../SDKLib/Include/OnlyMac,
					../../../SDKLib/Include/Interfaces,
					../../../SDKLib/Include/VWMM,
					../../../SDKLib/Include,
					./Source,
					./Resources,
				);
				LIBRARY_SEARCH_PATHS = (
					"../../../SDKLib/LibMac/$(SHORT_CONFIG)",
					"../../../SDKLib/LibMac64/$(SHORT_CONFIG)",
					"../../../../$(OUTPUT_NAME)/SDK/$(SHORT_CONFIG)",
				);
			};
			name = "Release 64";
		};
		6595D7A91802AEBA00DC6575 /* Release 64 */ = {
			isa = XCBuildConfiguration;
			buildSettings = {
				INFOPLIST_FILE = "./Source/Module-Info.plist";
				OTHER_LDFLAGS = (
					"-framework",
					Carbon,
					"-lVWSDK",
				);
				PRODUCT_NAME = "VWUI Dialogs Sample";
				WRAPPER_EXTENSION = "$(VW_LIBRARY_EXTENSION)";
			};
			name = "Release 64";
		};
/* End XCBuildConfiguration section */

/* Begin XCConfigurationList section */
		1DEB916408733D950010E9CD /* Build configuration list for PBXProject "VWUI Dialogs Sample" */ = {
			isa = XCConfigurationList;
			buildConfigurations = (
				6595D7A61802AEB600DC6575 /* Debug 64 */,
				6595D7A81802AEBA00DC6575 /* Release 64 */,
			);
			defaultConfigurationIsVisible = 0;
			defaultConfigurationName = "Debug 64";
		};
		9216EA4009D8895A007B8710 /* Build configuration list for PBXNativeTarget "VWUI Dialogs Sample" */ = {
			isa = XCConfigurationList;
			buildConfigurations = (
				6595D7A71802AEB600DC6575 /* Debug 64 */,
				6595D7A91802AEBA00DC6575 /* Release 64 */,
			);
			defaultConfigurationIsVisible = 0;
			defaultConfigurationName = "Debug 64";
		};
/* End XCConfigurationList section */
	};
	rootObject = 0867D690FE84028FC02AAC07 /* Project object */;
}
